{
  "object": {
    "pins": [
      {
        "package": "Common",
        "repositoryURL": "https://github.com/noahemmet/Common",
        "state": {
          "branch": "master",
          "revision": "14e381c2c696e1be333c4322bfd847028bd5760c",
          "version": null
        }
      },
      {
        "package": "CommonUI",
        "repositoryURL": "https://github.com/noahemmet/CommonUI",
        "state": {
          "branch": "master",
          "revision": "a91c6ef6cbbbeccd367d306a326637d0432673d6",
          "version": null
        }
      }
    ]
  },
  "version": 1
}
